
Microsoft Visual Studio Solution File, Format Version 12.00
# Visual Studio Version 17
VisualStudioVersion = 17.7.34031.279
MinimumVisualStudioVersion = 10.0.40219.1
Project("{FAE04EC0-301F-11D3-BF4B-00C04F79EFBC}") = "Phase1Section4.7b", "Phase1Section4.7b\Phase1Section4.7b.csproj", "{71FC90FA-C14A-4BB6-AB9A-082767AF0329}"
EndProject
Global
	GlobalSection(SolutionConfigurationPlatforms) = preSolution
		Debug|Any CPU = Debug|Any CPU
		Release|Any CPU = Release|Any CPU
	EndGlobalSection
	GlobalSection(ProjectConfigurationPlatforms) = postSolution
		{71FC90FA-C14A-4BB6-AB9A-082767AF0329}.Debug|Any CPU.ActiveCfg = Debug|Any CPU
		{71FC90FA-C14A-4BB6-AB9A-082767AF0329}.Debug|Any CPU.Build.0 = Debug|Any CPU
		{71FC90FA-C14A-4BB6-AB9A-082767AF0329}.Release|Any CPU.ActiveCfg = Release|Any CPU
		{71FC90FA-C14A-4BB6-AB9A-082767AF0329}.Release|Any CPU.Build.0 = Release|Any CPU
	EndGlobalSection
	GlobalSection(SolutionProperties) = preSolution
		HideSolutionNode = FALSE
	EndGlobalSection
	GlobalSection(ExtensibilityGlobals) = postSolution
		SolutionGuid = {EE700DE4-0B43-4375-B939-859D080892E2}
	EndGlobalSection
EndGlobal
